
Microsoft Visual Studio Solution File, Format Version 12.00
# Visual Studio 15
VisualStudioVersion = 15.0.28307.645
MinimumVisualStudioVersion = 10.0.40219.1
Project("{9092AA53-FB77-4645-B42D-1CCCA6BD08BD}") = "ExpressApp13", "ExpressApp13\ExpressApp13.njsproj", "{56E36B5C-FD89-4EF2-9443-04D13C5E9505}"
EndProject
Global
	GlobalSection(SolutionConfigurationPlatforms) = preSolution
		Debug|Any CPU = Debug|Any CPU
		Release|Any CPU = Release|Any CPU
	EndGlobalSection
	GlobalSection(ProjectConfigurationPlatforms) = postSolution
		{56E36B5C-FD89-4EF2-9443-04D13C5E9505}.Debug|Any CPU.ActiveCfg = Debug|Any CPU
		{56E36B5C-FD89-4EF2-9443-04D13C5E9505}.Debug|Any CPU.Build.0 = Debug|Any CPU
		{56E36B5C-FD89-4EF2-9443-04D13C5E9505}.Release|Any CPU.ActiveCfg = Release|Any CPU
		{56E36B5C-FD89-4EF2-9443-04D13C5E9505}.Release|Any CPU.Build.0 = Release|Any CPU
	EndGlobalSection
	GlobalSection(SolutionProperties) = preSolution
		HideSolutionNode = FALSE
	EndGlobalSection
	GlobalSection(ExtensibilityGlobals) = postSolution
		SolutionGuid = {7E2FA45B-E392-4044-9D5A-01DC8AFB17E7}
	EndGlobalSection
EndGlobal
